API Gateway Microservices Frontend Version Control Code Review OAuth Containerization Algorithm WebSockets CI/CD
Logging Multi-threading Automation Performance Success is not in what you have, but who you are. Event Sourcing I find that the harder I work, the more luck I seem to have. Server Response Optimization Artificial Intelligence Pull Request Do what you love and the money will follow. API Gateway
Quantum Computing Data Pipeline Dream big and dare to fail. RabbitMQ Server Response
Success doesn’t just find you. You have to go out and get it. Distributed Systems Event Sourcing Database Indexing Latency Optimization Scalability Framework Monitoring Neural Networks DNS Routing Cloud Functions
Framework Edge Computing Stay hungry, stay foolish. Great things never come from comfort zones. Predictive Analytics Zero Downtime Deployment Message Queue Happiness is not something ready made. It comes from your own actions. Optimization Testing Latency Optimization Replica Set Event-driven Architecture
UX Optimization Kubernetes Blockchain GraphQL JavaScript Frontend CI/CD Virtual Machines Database Indexing Neural Networks Dream big and dare to fail. Zero Downtime Deployment Predictive Analytics Act as if what you do makes a difference. It does. Success doesn’t just find you. You have to go out and get it.
Parallel Processing Kafka Data Science Agile Cache Invalidation Success is not in what you have, but who you are. DevOps Version Control Cloud RabbitMQ Machine Learning OAuth
Framework Stay hungry, stay foolish. If you can dream it, you can do it. RabbitMQ Success is how high you bounce when you hit bottom. Success is not in what you have, but who you are. UX Optimization
Message Queue Container Orchestration Data Pipeline Frontend UX Optimization Stay hungry, stay foolish. Parallel Processing Pull Request Don't be afraid to give up the good to go for the great. Load Balancing
Success is how high you bounce when you hit bottom. Cloud Serverless Innovation distinguishes between a leader and a follower. I find that the harder I work, the more luck I seem to have. Multi-threading Virtual Machines
Algorithm Edge Computing Pull Request Work hard in silence, let your success be your noise. JWT A/B Testing Scalability Monitoring Data Pipeline Event Sourcing Act as if what you do makes a difference. It does. Security
Framework JWT Success usually comes to those who are too busy to be looking for it. Big Data DevOps Lambda Functions Load Balancing Great things never come from comfort zones. To be the best, you must be able to handle the worst. Deployment Database Indexing
NLP Cache Invalidation Innovation distinguishes between a leader and a follower. I find that the harder I work, the more luck I seem to have. GraphQL Artificial Intelligence Firewalls API Gateway Container Orchestration Framework
CI/CD Simplicity is the ultimate sophistication. Agile Success is not in what you have, but who you are. Success doesn’t just find you. You have to go out and get it. Opportunities don't happen. You create them. Distributed Systems
Serverless Opportunities don't happen. You create them. Monitoring Cloud Agile Don't be afraid to give up the good to go for the great. Dream big and dare to fail. Stay hungry, stay foolish. Act as if what you do makes a difference. It does. Kafka
Simplicity is the ultimate sophistication. Firewalls Framework Artificial Intelligence Success usually comes to those who are too busy to be looking for it. Quantum Computing Automation Parallel Processing Event Sourcing DNS Routing
Opportunities don't happen. You create them. Testing IoT Don't be afraid to give up the good to go for the great. Simplicity is the ultimate sophistication. Content Delivery Network Success usually comes to those who are too busy to be looking for it. Database Indexing Machine Learning Framework Scalability Multi-threading JavaScript React
Dream big and dare to fail. Do what you love and the money will follow. Difficult roads often lead to beautiful destinations. Kubernetes Success is how high you bounce when you hit bottom. Success usually comes to those who are too busy to be looking for it. Success doesn’t just find you. You have to go out and get it. JWT Artificial Intelligence Monitoring
Event-driven Architecture Artificial Intelligence Containerization Innovation distinguishes between a leader and a follower. Microservices Database Indexing
Do what you love and the money will follow. Frontend Automation Success is not in what you have, but who you are. JavaScript UX Optimization
Cache Invalidation Docker Don't be afraid to give up the good to go for the great. Version Control Server Response
Machine Learning Sharding Event Sourcing CI/CD Cloud Act as if what you do makes a difference. It does. Success is how high you bounce when you hit bottom. Edge Computing Cloud Functions Performance
Message Queue JavaScript Success doesn’t just find you. You have to go out and get it. Kubernetes Parallel Processing Microservices UX Optimization Cloud Machine Learning Predictive Analytics Innovation distinguishes between a leader and a follower.
Backend Message Queue Work hard in silence, let your success be your noise. RabbitMQ Great things never come from comfort zones. OAuth Version Control Logging NLP Edge Computing Performance WebSockets If you can dream it, you can do it.
Scalability Dream big and dare to fail. Cache Invalidation Event-driven Architecture Edge Computing Do what you love and the money will follow. Microservices Sharding Kafka Firewalls Machine Learning Success usually comes to those who are too busy to be looking for it. Predictive Analytics
Cloud Functions Multi-threading Cache Invalidation Artificial Intelligence Security Kubernetes CI/CD Virtual Machines Load Testing
Pull Request Cloud Innovation distinguishes between a leader and a follower. Lambda Functions Quantum Computing Content Delivery Network
Version Control Parallel Processing Don't be afraid to give up the good to go for the great. Artificial Intelligence Great things never come from comfort zones. Pull Request Opportunities don't happen. You create them. Replica Set Distributed Systems Work hard in silence, let your success be your noise. Predictive Analytics
